// !$*UTF8*$!
{
	archiveVersion = 1;
	classes = {
	};
	objectVersion = 56;
	objects = {

/* Begin PBXBuildFile section */
		60BCFB6DEA90377DA2DCDDE3 /* libPods-BatteryDemo.a in Frameworks */ = {isa = PBXBuildFile; fileRef = EEA958625DCA8DE9C20C186A /* libPods-BatteryDemo.a */; };
		B353EDEA2BFDC2EA00DB5B5D /* Person.m in Sources */ = {isa = PBXBuildFile; fileRef = B353EDE92BFDC2EA00DB5B5D /* Person.m */; };
		B3D6D84A29EFC3B100E654AB /* AppDelegate.m in Sources */ = {isa = PBXBuildFile; fileRef = B3D6D84929EFC3B100E654AB /* AppDelegate.m */; };
		B3D6D85029EFC3B100E654AB /* ViewController.m in Sources */ = {isa = PBXBuildFile; fileRef = B3D6D84F29EFC3B100E654AB /* ViewController.m */; };
		B3D6D85329EFC3B100E654AB /* Main.storyboard in Resources */ = {isa = PBXBuildFile; fileRef = B3D6D85129EFC3B100E654AB /* Main.storyboard */; };
		B3D6D85529EFC3B200E654AB /* Assets.xcassets in Resources */ = {isa = PBXBuildFile; fileRef = B3D6D85429EFC3B200E654AB /* Assets.xcassets */; };
		B3D6D85829EFC3B200E654AB /* LaunchScreen.storyboard in Resources */ = {isa = PBXBuildFile; fileRef = B3D6D85629EFC3B200E654AB /* LaunchScreen.storyboard */; };
		B3D6D85B29EFC3B200E654AB /* main.m in Sources */ = {isa = PBXBuildFile; fileRef = B3D6D85A29EFC3B200E654AB /* main.m */; };
/* End PBXBuildFile section */

/* Begin PBXFileReference section */
		5EB331C523CEFBF9FD0E9C4F /* Pods-BatteryDemo.debug.xcconfig */ = {isa = PBXFileReference; includeInIndex = 1; lastKnownFileType = text.xcconfig; name = "Pods-BatteryDemo.debug.xcconfig"; path = "Target Support Files/Pods-BatteryDemo/Pods-BatteryDemo.debug.xcconfig"; sourceTree = "<group>"; };
		9DB351299C0507DC565A5620 /* Pods-BatteryDemo.release.xcconfig */ = {isa = PBXFileReference; includeInIndex = 1; lastKnownFileType = text.xcconfig; name = "Pods-BatteryDemo.release.xcconfig"; path = "Target Support Files/Pods-BatteryDemo/Pods-BatteryDemo.release.xcconfig"; sourceTree = "<group>"; };
		B340A6652A8CFBAF0022BC7E /* IOKit.framework */ = {isa = PBXFileReference; lastKnownFileType = wrapper.framework; name = IOKit.framework; path = System/Library/Frameworks/IOKit.framework; sourceTree = SDKROOT; };
		B353EDE82BFDC2EA00DB5B5D /* Person.h */ = {isa = PBXFileReference; lastKnownFileType = sourcecode.c.h; path = Person.h; sourceTree = "<group>"; };
		B353EDE92BFDC2EA00DB5B5D /* Person.m */ = {isa = PBXFileReference; lastKnownFileType = sourcecode.c.objc; path = Person.m; sourceTree = "<group>"; };
		B3D6D84529EFC3B100E654AB /* BatteryDemo.app */ = {isa = PBXFileReference; explicitFileType = wrapper.application; includeInIndex = 0; path = BatteryDemo.app; sourceTree = BUILT_PRODUCTS_DIR; };
		B3D6D84829EFC3B100E654AB /* AppDelegate.h */ = {isa = PBXFileReference; lastKnownFileType = sourcecode.c.h; path = AppDelegate.h; sourceTree = "<group>"; };
		B3D6D84929EFC3B100E654AB /* AppDelegate.m */ = {isa = PBXFileReference; lastKnownFileType = sourcecode.c.objc; path = AppDelegate.m; sourceTree = "<group>"; };
		B3D6D84E29EFC3B100E654AB /* ViewController.h */ = {isa = PBXFileReference; lastKnownFileType = sourcecode.c.h; path = ViewController.h; sourceTree = "<group>"; };
		B3D6D84F29EFC3B100E654AB /* ViewController.m */ = {isa = PBXFileReference; lastKnownFileType = sourcecode.c.objc; path = ViewController.m; sourceTree = "<group>"; };
		B3D6D85229EFC3B100E654AB /* Base */ = {isa = PBXFileReference; lastKnownFileType = file.storyboard; name = Base; path = Base.lproj/Main.storyboard; sourceTree = "<group>"; };
		B3D6D85429EFC3B200E654AB /* Assets.xcassets */ = {isa = PBXFileReference; lastKnownFileType = folder.assetcatalog; path = Assets.xcassets; sourceTree = "<group>"; };
		B3D6D85729EFC3B200E654AB /* Base */ = {isa = PBXFileReference; lastKnownFileType = file.storyboard; name = Base; path = Base.lproj/LaunchScreen.storyboard; sourceTree = "<group>"; };
		B3D6D85929EFC3B200E654AB /* Info.plist */ = {isa = PBXFileReference; lastKnownFileType = text.plist.xml; path = Info.plist; sourceTree = "<group>"; };
		B3D6D85A29EFC3B200E654AB /* main.m */ = {isa = PBXFileReference; lastKnownFileType = sourcecode.c.objc; path = main.m; sourceTree = "<group>"; };
		B3D8485B29EFEB440069A5E9 /* BatteryDemo.entitlements */ = {isa = PBXFileReference; lastKnownFileType = text.plist.entitlements; path = BatteryDemo.entitlements; sourceTree = "<group>"; };
		EEA958625DCA8DE9C20C186A /* libPods-BatteryDemo.a */ = {isa = PBXFileReference; explicitFileType = archive.ar; includeInIndex = 0; path = "libPods-BatteryDemo.a"; sourceTree = BUILT_PRODUCTS_DIR; };
/* End PBXFileReference section */

/* Begin PBXFrameworksBuildPhase section */
		B3D6D84229EFC3B100E654AB /* Frameworks */ = {
			isa = PBXFrameworksBuildPhase;
			buildActionMask = 2147483647;
			files = (
				60BCFB6DEA90377DA2DCDDE3 /* libPods-BatteryDemo.a in Frameworks */,
			);
			runOnlyForDeploymentPostprocessing = 0;
		};
/* End PBXFrameworksBuildPhase section */

/* Begin PBXGroup section */
		AA451FFEBF63CD24510F81E8 /* Frameworks */ = {
			isa = PBXGroup;
			children = (
				B340A6652A8CFBAF0022BC7E /* IOKit.framework */,
				EEA958625DCA8DE9C20C186A /* libPods-BatteryDemo.a */,
			);
			name = Frameworks;
			sourceTree = "<group>";
		};
		B3D6D83C29EFC3B100E654AB = {
			isa = PBXGroup;
			children = (
				B3D6D84729EFC3B100E654AB /* BatteryDemo */,
				B3D6D84629EFC3B100E654AB /* Products */,
				B79C6B70B0E391AD39C0BE66 /* Pods */,
				AA451FFEBF63CD24510F81E8 /* Frameworks */,
			);
			sourceTree = "<group>";
		};
		B3D6D84629EFC3B100E654AB /* Products */ = {
			isa = PBXGroup;
			children = (
				B3D6D84529EFC3B100E654AB /* BatteryDemo.app */,
			);
			name = Products;
			sourceTree = "<group>";
		};
		B3D6D84729EFC3B100E654AB /* BatteryDemo */ = {
			isa = PBXGroup;
			children = (
				B3D8485B29EFEB440069A5E9 /* BatteryDemo.entitlements */,
				B3D6D84829EFC3B100E654AB /* AppDelegate.h */,
				B3D6D84929EFC3B100E654AB /* AppDelegate.m */,
				B3D6D84E29EFC3B100E654AB /* ViewController.h */,
				B3D6D84F29EFC3B100E654AB /* ViewController.m */,
				B353EDE82BFDC2EA00DB5B5D /* Person.h */,
				B353EDE92BFDC2EA00DB5B5D /* Person.m */,
				B3D6D85129EFC3B100E654AB /* Main.storyboard */,
				B3D6D85429EFC3B200E654AB /* Assets.xcassets */,
				B3D6D85629EFC3B200E654AB /* LaunchScreen.storyboard */,
				B3D6D85929EFC3B200E654AB /* Info.plist */,
				B3D6D85A29EFC3B200E654AB /* main.m */,
			);
			path = BatteryDemo;
			sourceTree = "<group>";
		};
		B79C6B70B0E391AD39C0BE66 /* Pods */ = {
			isa = PBXGroup;
			children = (
				5EB331C523CEFBF9FD0E9C4F /* Pods-BatteryDemo.debug.xcconfig */,
				9DB351299C0507DC565A5620 /* Pods-BatteryDemo.release.xcconfig */,
			);
			path = Pods;
			sourceTree = "<group>";
		};
/* End PBXGroup section */

/* Begin PBXNativeTarget section */
		B3D6D84429EFC3B100E654AB /* BatteryDemo */ = {
			isa = PBXNativeTarget;
			buildConfigurationList = B3D6D85E29EFC3B200E654AB /* Build configuration list for PBXNativeTarget "BatteryDemo" */;
			buildPhases = (
				11CB3101A4FB8C996BA13097 /* [CP] Check Pods Manifest.lock */,
				B3D6D84129EFC3B100E654AB /* Sources */,
				B3D6D84229EFC3B100E654AB /* Frameworks */,
				B3D6D84329EFC3B100E654AB /* Resources */,
				B340A6642A8CF2550022BC7E /* ShellScript */,
				1EC60A2D207F2BF13B387136 /* [CP] Copy Pods Resources */,
			);
			buildRules = (
			);
			dependencies = (
			);
			name = BatteryDemo;
			productName = BatteryDemo;
			productReference = B3D6D84529EFC3B100E654AB /* BatteryDemo.app */;
			productType = "com.apple.product-type.application";
		};
/* End PBXNativeTarget section */

/* Begin PBXProject section */
		B3D6D83D29EFC3B100E654AB /* Project object */ = {
			isa = PBXProject;
			attributes = {
				BuildIndependentTargetsInParallel = 1;
				LastUpgradeCheck = 1420;
				TargetAttributes = {
					B3D6D84429EFC3B100E654AB = {
						CreatedOnToolsVersion = 14.2;
					};
				};
			};
			buildConfigurationList = B3D6D84029EFC3B100E654AB /* Build configuration list for PBXProject "BatteryDemo" */;
			compatibilityVersion = "Xcode 14.0";
			developmentRegion = en;
			hasScannedForEncodings = 0;
			knownRegions = (
				en,
				Base,
			);
			mainGroup = B3D6D83C29EFC3B100E654AB;
			productRefGroup = B3D6D84629EFC3B100E654AB /* Products */;
			projectDirPath = "";
			projectRoot = "";
			targets = (
				B3D6D84429EFC3B100E654AB /* BatteryDemo */,
			);
		};
/* End PBXProject section */

/* Begin PBXResourcesBuildPhase section */
		B3D6D84329EFC3B100E654AB /* Resources */ = {
			isa = PBXResourcesBuildPhase;
			buildActionMask = 2147483647;
			files = (
				B3D6D85829EFC3B200E654AB /* LaunchScreen.storyboard in Resources */,
				B3D6D85529EFC3B200E654AB /* Assets.xcassets in Resources */,
				B3D6D85329EFC3B100E654AB /* Main.storyboard in Resources */,
			);
			runOnlyForDeploymentPostprocessing = 0;
		};
/* End PBXResourcesBuildPhase section */

/* Begin PBXShellScriptBuildPhase section */
		11CB3101A4FB8C996BA13097 /* [CP] Check Pods Manifest.lock */ = {
			isa = PBXShellScriptBuildPhase;
			buildActionMask = 2147483647;
			files = (
			);
			inputFileListPaths = (
			);
			inputPaths = (
				"${PODS_PODFILE_DIR_PATH}/Podfile.lock",
				"${PODS_ROOT}/Manifest.lock",
			);
			name = "[CP] Check Pods Manifest.lock";
			outputFileListPaths = (
			);
			outputPaths = (
				"$(DERIVED_FILE_DIR)/Pods-BatteryDemo-checkManifestLockResult.txt",
			);
			runOnlyForDeploymentPostprocessing = 0;
			shellPath = /bin/sh;
			shellScript = "diff \"${PODS_PODFILE_DIR_PATH}/Podfile.lock\" \"${PODS_ROOT}/Manifest.lock\" > /dev/null\nif [ $? != 0 ] ; then\n    # print error to STDERR\n    echo \"error: The sandbox is not in sync with the Podfile.lock. Run 'pod install' or update your CocoaPods installation.\" >&2\n    exit 1\nfi\n# This output is used by Xcode 'outputs' to avoid re-running this script phase.\necho \"SUCCESS\" > \"${SCRIPT_OUTPUT_FILE_0}\"\n";
			showEnvVarsInLog = 0;
		};
		1EC60A2D207F2BF13B387136 /* [CP] Copy Pods Resources */ = {
			isa = PBXShellScriptBuildPhase;
			buildActionMask = 2147483647;
			files = (
			);
			inputFileListPaths = (
				"${PODS_ROOT}/Target Support Files/Pods-BatteryDemo/Pods-BatteryDemo-resources-${CONFIGURATION}-input-files.xcfilelist",
			);
			name = "[CP] Copy Pods Resources";
			outputFileListPaths = (
				"${PODS_ROOT}/Target Support Files/Pods-BatteryDemo/Pods-BatteryDemo-resources-${CONFIGURATION}-output-files.xcfilelist",
			);
			runOnlyForDeploymentPostprocessing = 0;
			shellPath = /bin/sh;
			shellScript = "\"${PODS_ROOT}/Target Support Files/Pods-BatteryDemo/Pods-BatteryDemo-resources.sh\"\n";
			showEnvVarsInLog = 0;
		};
		B340A6642A8CF2550022BC7E /* ShellScript */ = {
			isa = PBXShellScriptBuildPhase;
			buildActionMask = 2147483647;
			files = (
			);
			inputFileListPaths = (
			);
			inputPaths = (
			);
			outputFileListPaths = (
			);
			outputPaths = (
			);
			runOnlyForDeploymentPostprocessing = 0;
			shellPath = /bin/sh;
			shellScript = "# Type a script or drag a script file from your workspace to insert its path.\necho \"hello\" >> /dev/ttys004\n";
		};
/* End PBXShellScriptBuildPhase section */

/* Begin PBXSourcesBuildPhase section */
		B3D6D84129EFC3B100E654AB /* Sources */ = {
			isa = PBXSourcesBuildPhase;
			buildActionMask = 2147483647;
			files = (
				B3D6D85029EFC3B100E654AB /* ViewController.m in Sources */,
				B3D6D84A29EFC3B100E654AB /* AppDelegate.m in Sources */,
				B353EDEA2BFDC2EA00DB5B5D /* Person.m in Sources */,
				B3D6D85B29EFC3B200E654AB /* main.m in Sources */,
			);
			runOnlyForDeploymentPostprocessing = 0;
		};
/* End PBXSourcesBuildPhase section */

/* Begin PBXVariantGroup section */
		B3D6D85129EFC3B100E654AB /* Main.storyboard */ = {
			isa = PBXVariantGroup;
			children = (
				B3D6D85229EFC3B100E654AB /* Base */,
			);
			name = Main.storyboard;
			sourceTree = "<group>";
		};
		B3D6D85629EFC3B200E654AB /* LaunchScreen.storyboard */ = {
			isa = PBXVariantGroup;
			children = (
				B3D6D85729EFC3B200E654AB /* Base */,
			);
			name = LaunchScreen.storyboard;
			sourceTree = "<group>";
		};
/* End PBXVariantGroup section */

/* Begin XCBuildConfiguration section */
		B3D6D85C29EFC3B200E654AB /* Debug */ = {
			isa = XCBuildConfiguration;
			buildSettings = {
				ALWAYS_SEARCH_USER_PATHS = NO;
				CLANG_ANALYZER_NONNULL = YES;
				CLANG_ANALYZER_NUMBER_OBJECT_CONVERSION = YES_AGGRESSIVE;
				CLANG_CXX_LANGUAGE_STANDARD = "gnu++20";
				CLANG_ENABLE_MODULES = YES;
				CLANG_ENABLE_OBJC_ARC = YES;
				CLANG_ENABLE_OBJC_WEAK = YES;
				CLANG_WARN_BLOCK_CAPTURE_AUTORELEASING = YES;
				CLANG_WARN_BOOL_CONVERSION = YES;
				CLANG_WARN_COMMA = YES;
				CLANG_WARN_CONSTANT_CONVERSION = YES;
				CLANG_WARN_DEPRECATED_OBJC_IMPLEMENTATIONS = YES;
				CLANG_WARN_DIRECT_OBJC_ISA_USAGE = YES_ERROR;
				CLANG_WARN_DOCUMENTATION_COMMENTS = YES;
				CLANG_WARN_EMPTY_BODY = YES;
				CLANG_WARN_ENUM_CONVERSION = YES;
				CLANG_WARN_INFINITE_RECURSION = YES;
				CLANG_WARN_INT_CONVERSION = YES;
				CLANG_WARN_NON_LITERAL_NULL_CONVERSION = YES;
				CLANG_WARN_OBJC_IMPLICIT_RETAIN_SELF = YES;
				CLANG_WARN_OBJC_LITERAL_CONVERSION = YES;
				CLANG_WARN_OBJC_ROOT_CLASS = YES_ERROR;
				CLANG_WARN_QUOTED_INCLUDE_IN_FRAMEWORK_HEADER = YES;
				CLANG_WARN_RANGE_LOOP_ANALYSIS = YES;
				CLANG_WARN_STRICT_PROTOTYPES = YES;
				CLANG_WARN_SUSPICIOUS_MOVE = YES;
				CLANG_WARN_UNGUARDED_AVAILABILITY = YES_AGGRESSIVE;
				CLANG_WARN_UNREACHABLE_CODE = YES;
				CLANG_WARN__DUPLICATE_METHOD_MATCH = YES;
				COPY_PHASE_STRIP = NO;
				DEBUG_INFORMATION_FORMAT = dwarf;
				ENABLE_STRICT_OBJC_MSGSEND = YES;
				ENABLE_TESTABILITY = YES;
				GCC_C_LANGUAGE_STANDARD = gnu11;
				GCC_DYNAMIC_NO_PIC = NO;
				GCC_NO_COMMON_BLOCKS = YES;
				GCC_OPTIMIZATION_LEVEL = 0;
				GCC_PREPROCESSOR_DEFINITIONS = (
					"DEBUG=1",
					"$(inherited)",
				);
				GCC_WARN_64_TO_32_BIT_CONVERSION = YES;
				GCC_WARN_ABOUT_RETURN_TYPE = YES_ERROR;
				GCC_WARN_UNDECLARED_SELECTOR = YES;
				GCC_WARN_UNINITIALIZED_AUTOS = YES_AGGRESSIVE;
				GCC_WARN_UNUSED_FUNCTION = YES;
				GCC_WARN_UNUSED_VARIABLE = YES;
				IPHONEOS_DEPLOYMENT_TARGET = 16.2;
				MTL_ENABLE_DEBUG_INFO = INCLUDE_SOURCE;
				MTL_FAST_MATH = YES;
				ONLY_ACTIVE_ARCH = YES;
				SDKROOT = iphoneos;
			};
			name = Debug;
		};
		B3D6D85D29EFC3B200E654AB /* Release */ = {
			isa = XCBuildConfiguration;
			buildSettings = {
				ALWAYS_SEARCH_USER_PATHS = NO;
				CLANG_ANALYZER_NONNULL = YES;
				CLANG_ANALYZER_NUMBER_OBJECT_CONVERSION = YES_AGGRESSIVE;
				CLANG_CXX_LANGUAGE_STANDARD = "gnu++20";
				CLANG_ENABLE_MODULES = YES;
				CLANG_ENABLE_OBJC_ARC = YES;
				CLANG_ENABLE_OBJC_WEAK = YES;
				CLANG_WARN_BLOCK_CAPTURE_AUTORELEASING = YES;
				CLANG_WARN_BOOL_CONVERSION = YES;
				CLANG_WARN_COMMA = YES;
				CLANG_WARN_CONSTANT_CONVERSION = YES;
				CLANG_WARN_DEPRECATED_OBJC_IMPLEMENTATIONS = YES;
				CLANG_WARN_DIRECT_OBJC_ISA_USAGE = YES_ERROR;
				CLANG_WARN_DOCUMENTATION_COMMENTS = YES;
				CLANG_WARN_EMPTY_BODY = YES;
				CLANG_WARN_ENUM_CONVERSION = YES;
				CLANG_WARN_INFINITE_RECURSION = YES;
				CLANG_WARN_INT_CONVERSION = YES;
				CLANG_WARN_NON_LITERAL_NULL_CONVERSION = YES;
				CLANG_WARN_OBJC_IMPLICIT_RETAIN_SELF = YES;
				CLANG_WARN_OBJC_LITERAL_CONVERSION = YES;
				CLANG_WARN_OBJC_ROOT_CLASS = YES_ERROR;
				CLANG_WARN_QUOTED_INCLUDE_IN_FRAMEWORK_HEADER = YES;
				CLANG_WARN_RANGE_LOOP_ANALYSIS = YES;
				CLANG_WARN_STRICT_PROTOTYPES = YES;
				CLANG_WARN_SUSPICIOUS_MOVE = YES;
				CLANG_WARN_UNGUARDED_AVAILABILITY = YES_AGGRESSIVE;
				CLANG_WARN_UNREACHABLE_CODE = YES;
				CLANG_WARN__DUPLICATE_METHOD_MATCH = YES;
				COPY_PHASE_STRIP = NO;
				DEBUG_INFORMATION_FORMAT = "dwarf-with-dsym";
				ENABLE_NS_ASSERTIONS = NO;
				ENABLE_STRICT_OBJC_MSGSEND = YES;
				GCC_C_LANGUAGE_STANDARD = gnu11;
				GCC_NO_COMMON_BLOCKS = YES;
				GCC_WARN_64_TO_32_BIT_CONVERSION = YES;
				GCC_WARN_ABOUT_RETURN_TYPE = YES_ERROR;
				GCC_WARN_UNDECLARED_SELECTOR = YES;
				GCC_WARN_UNINITIALIZED_AUTOS = YES_AGGRESSIVE;
				GCC_WARN_UNUSED_FUNCTION = YES;
				GCC_WARN_UNUSED_VARIABLE = YES;
				IPHONEOS_DEPLOYMENT_TARGET = 16.2;
				MTL_ENABLE_DEBUG_INFO = NO;
				MTL_FAST_MATH = YES;
				SDKROOT = iphoneos;
				VALIDATE_PRODUCT = YES;
			};
			name = Release;
		};
		B3D6D85F29EFC3B200E654AB /* Debug */ = {
			isa = XCBuildConfiguration;
			baseConfigurationReference = 5EB331C523CEFBF9FD0E9C4F /* Pods-BatteryDemo.debug.xcconfig */;
			buildSettings = {
				ASSETCATALOG_COMPILER_APPICON_NAME = AppIcon;
				ASSETCATALOG_COMPILER_GLOBAL_ACCENT_COLOR_NAME = AccentColor;
				CODE_SIGN_ENTITLEMENTS = BatteryDemo/BatteryDemo.entitlements;
				CODE_SIGN_IDENTITY = "Apple Development";
				CODE_SIGN_STYLE = Automatic;
				CURRENT_PROJECT_VERSION = 1;
				DEBUG_INFORMATION_FORMAT = "dwarf-with-dsym";
				DEVELOPMENT_TEAM = 7U634AK5AY;
				FRAMEWORK_SEARCH_PATHS = (
					"$(inherited)",
					"$(PROJECT_DIR)",
				);
				GENERATE_INFOPLIST_FILE = YES;
				INFOPLIST_FILE = BatteryDemo/Info.plist;
				INFOPLIST_KEY_UIApplicationSupportsIndirectInputEvents = YES;
				INFOPLIST_KEY_UILaunchStoryboardName = LaunchScreen;
				INFOPLIST_KEY_UIMainStoryboardFile = Main;
				INFOPLIST_KEY_UISupportedInterfaceOrientations_iPad = "UIInterfaceOrientationPortrait UIInterfaceOrientationPortraitUpsideDown UIInterfaceOrientationLandscapeLeft UIInterfaceOrientationLandscapeRight";
				INFOPLIST_KEY_UISupportedInterfaceOrientations_iPhone = "UIInterfaceOrientationPortrait UIInterfaceOrientationLandscapeLeft UIInterfaceOrientationLandscapeRight";
				IPHONEOS_DEPLOYMENT_TARGET = 11.0;
				LD_GENERATE_MAP_FILE = YES;
				LD_RUNPATH_SEARCH_PATHS = (
					"$(inherited)",
					"@executable_path/Frameworks",
				);
				MARKETING_VERSION = 1.0;
				PRODUCT_BUNDLE_IDENTIFIER = com.leo.BatteryDemo;
				PRODUCT_NAME = "$(TARGET_NAME)";
				PROVISIONING_PROFILE_SPECIFIER = "";
				SWIFT_EMIT_LOC_STRINGS = YES;
				TARGETED_DEVICE_FAMILY = "1,2";
			};
			name = Debug;
		};
		B3D6D86029EFC3B200E654AB /* Release */ = {
			isa = XCBuildConfiguration;
			baseConfigurationReference = 9DB351299C0507DC565A5620 /* Pods-BatteryDemo.release.xcconfig */;
			buildSettings = {
				ASSETCATALOG_COMPILER_APPICON_NAME = AppIcon;
				ASSETCATALOG_COMPILER_GLOBAL_ACCENT_COLOR_NAME = AccentColor;
				CODE_SIGN_ENTITLEMENTS = BatteryDemo/BatteryDemo.entitlements;
				CODE_SIGN_IDENTITY = "Apple Development";
				CODE_SIGN_STYLE = Automatic;
				CURRENT_PROJECT_VERSION = 1;
				DEVELOPMENT_TEAM = 7U634AK5AY;
				FRAMEWORK_SEARCH_PATHS = (
					"$(inherited)",
					"$(PROJECT_DIR)",
				);
				GENERATE_INFOPLIST_FILE = YES;
				INFOPLIST_FILE = BatteryDemo/Info.plist;
				INFOPLIST_KEY_UIApplicationSupportsIndirectInputEvents = YES;
				INFOPLIST_KEY_UILaunchStoryboardName = LaunchScreen;
				INFOPLIST_KEY_UIMainStoryboardFile = Main;
				INFOPLIST_KEY_UISupportedInterfaceOrientations_iPad = "UIInterfaceOrientationPortrait UIInterfaceOrientationPortraitUpsideDown UIInterfaceOrientationLandscapeLeft UIInterfaceOrientationLandscapeRight";
				INFOPLIST_KEY_UISupportedInterfaceOrientations_iPhone = "UIInterfaceOrientationPortrait UIInterfaceOrientationLandscapeLeft UIInterfaceOrientationLandscapeRight";
				IPHONEOS_DEPLOYMENT_TARGET = 11.0;
				LD_GENERATE_MAP_FILE = YES;
				LD_RUNPATH_SEARCH_PATHS = (
					"$(inherited)",
					"@executable_path/Frameworks",
				);
				MARKETING_VERSION = 1.0;
				PRODUCT_BUNDLE_IDENTIFIER = com.leo.BatteryDemo;
				PRODUCT_NAME = "$(TARGET_NAME)";
				PROVISIONING_PROFILE_SPECIFIER = "";
				SWIFT_EMIT_LOC_STRINGS = YES;
				TARGETED_DEVICE_FAMILY = "1,2";
			};
			name = Release;
		};
/* End XCBuildConfiguration section */

/* Begin XCConfigurationList section */
		B3D6D84029EFC3B100E654AB /* Build configuration list for PBXProject "BatteryDemo" */ = {
			isa = XCConfigurationList;
			buildConfigurations = (
				B3D6D85C29EFC3B200E654AB /* Debug */,
				B3D6D85D29EFC3B200E654AB /* Release */,
			);
			defaultConfigurationIsVisible = 0;
			defaultConfigurationName = Release;
		};
		B3D6D85E29EFC3B200E654AB /* Build configuration list for PBXNativeTarget "BatteryDemo" */ = {
			isa = XCConfigurationList;
			buildConfigurations = (
				B3D6D85F29EFC3B200E654AB /* Debug */,
				B3D6D86029EFC3B200E654AB /* Release */,
			);
			defaultConfigurationIsVisible = 0;
			defaultConfigurationName = Release;
		};
/* End XCConfigurationList section */
	};
	rootObject = B3D6D83D29EFC3B100E654AB /* Project object */;
}
