PODS:
  - Aspects (1.4.1)
  - MJRefresh (3.7.6)

DEPENDENCIES:
  - Aspects
  - MJRefresh

SPEC REPOS:
  trunk:
    - Aspects
    - MJRefresh

SPEC CHECKSUMS:
  Aspects: 7595ba96a6727a58ebcbfc954497fc5d2fdde546
  MJRefresh: 2fe7fb43a5167ceda20bb7e63f130c04fd1814a5

PODFILE CHECKSUM: 5b263f672b8c77c601e6cf068ce9bdc32f84ff8a

COCOAPODS: 1.12.0
